{
  "name": "02.Movies",
  "version": "1.0.0",
  "lockfileVersion": 1,
  "requires": true,
  "dependencies": {
    "lit-html": {
      "version": "1.3.0",
      "resolved": "https://registry.npmjs.org/lit-html/-/lit-html-1.3.0.tgz",
      "integrity": "sha512-0Q1bwmaFH9O14vycPHw8C/IeHMk/uSDldVLIefu/kfbTBGIc44KGH6A8p1bDfxUfHdc8q6Ct7kQklWoHgr4t1Q=="
    },
    "pagejs": {
      "version": "1.0.0",
      "resolved": "https://registry.npmjs.org/pagejs/-/pagejs-1.0.0.tgz",
      "integrity": "sha512-/GPqupWr3ZnoUzZsKjWKRmWezxswNIYJusWmK9oF2L6TD20220t94CQHln8ZoV8u/IhplwlJovmIewebWuFtBg=="
    }
  }
}
